# This file is autogenerated, do not edit; changes may be undone by the next 'dep ensure'.


[[projects]]
  name = "github.com/emicklei/proto"
  packages = ["."]
  revision = "ecc9dd044abafa145d083a0fdf0f8891e8a23a04"

[solve-meta]
  analyzer-name = "dep"
  analyzer-version = 1
  inputs-digest = "27640e66cd463b3d8be11b9cc4bdc9da62e2566001fb0933a0387ce394157f5c"
  solver-name = "gps-cdcl"
  solver-version = 1
